<?xml version="1.0" encoding="utf-8"?>
<Project ToolsVersion="4.0" xmlns="http://schemas.microsoft.com/developer/msbuild/2003">
  <ItemGroup>
    <Filter Include="Source Files">
      <UniqueIdentifier>{4FC737F1-C7A5-4376-A066-2A32D752A2FF}</UniqueIdentifier>
      <Extensions>cpp;c;cc;cxx;def;odl;idl;hpj;bat;asm;asmx</Extensions>
    </Filter>
    <Filter Include="Header Files">
      <UniqueIdentifier>{93995380-89BD-4b04-88EB-625FBE52EBFB}</UniqueIdentifier>
      <Extensions>h;hh;hpp;hxx;hm;inl;inc;xsd</Extensions>
    </Filter>
    <Filter Include="Resource Files">
      <UniqueIdentifier>{67DA6AB6-F800-4c08-8B7A-83BB121AAD01}</UniqueIdentifier>
      <Extensions>rc;ico;cur;bmp;dlg;rc2;rct;bin;rgs;gif;jpg;jpeg;jpe;resx;tiff;tif;png;wav;mfcribbon-ms</Extensions>
    </Filter>
    <Filter Include="Header Files\View">
      <UniqueIdentifier>{81fad7d7-1f32-4c3f-9e15-4bbcac42e162}</UniqueIdentifier>
    </Filter>
    <Filter Include="Header Files\Network">
      <UniqueIdentifier>{e78e9698-2163-4108-852e-f4c0919bce9d}</UniqueIdentifier>
    </Filter>
    <Filter Include="Source Files\View">
      <UniqueIdentifier>{426c0aca-71f7-419a-82ce-e9d683834535}</UniqueIdentifier>
    </Filter>
    <Filter Include="Source Files\Network">
      <UniqueIdentifier>{6deed142-b6ba-4329-9355-23c9627240bf}</UniqueIdentifier>
    </Filter>
    <Filter Include="Header Files\Screen">
      <UniqueIdentifier>{e6eda28a-13d4-4c63-90ce-5b3343348764}</UniqueIdentifier>
    </Filter>
    <Filter Include="Source Files\Screen">
      <UniqueIdentifier>{8752c2be-60da-40c2-9c6d-0b00bef4c024}</UniqueIdentifier>
    </Filter>
  </ItemGroup>
  <ItemGroup>
    <Media Include="assets\blip.wav">
      <Filter>Resource Files</Filter>
    </Media>
  </ItemGroup>
  <ItemGroup>
    <Font Include="assets\FFFFORWA.TTF">
      <Filter>Resource Files</Filter>
    </Font>
  </ItemGroup>
  <ItemGroup>
    <ClInclude Include="include\Network\Client.h">
      <Filter>Header Files\Network</Filter>
    </ClInclude>
    <ClInclude Include="include\Network\ClientInfo.h">
      <Filter>Header Files\Network</Filter>
    </ClInclude>
    <ClInclude Include="include\Network\NetSettings.h">
      <Filter>Header Files\Network</Filter>
    </ClInclude>
    <ClInclude Include="include\Network\NetworkDefinitions.h">
      <Filter>Header Files\Network</Filter>
    </ClInclude>
    <ClInclude Include="include\Network\PacketType.h">
      <Filter>Header Files\Network</Filter>
    </ClInclude>
    <ClInclude Include="include\Network\Server.h">
      <Filter>Header Files\Network</Filter>
    </ClInclude>
    <ClInclude Include="include\View\Ball.h">
      <Filter>Header Files\View</Filter>
    </ClInclude>
    <ClInclude Include="include\View\Event.h">
      <Filter>Header Files\View</Filter>
    </ClInclude>
    <ClInclude Include="include\View\Font.h">
      <Filter>Header Files\View</Filter>
    </ClInclude>
    <ClInclude Include="include\View\HalfCourtLine.h">
      <Filter>Header Files\View</Filter>
    </ClInclude>
    <ClInclude Include="include\View\Paddle.h">
      <Filter>Header Files\View</Filter>
    </ClInclude>
    <ClInclude Include="include\View\Text.h">
      <Filter>Header Files\View</Filter>
    </ClInclude>
    <ClInclude Include="include\View\Widget.h">
      <Filter>Header Files\View</Filter>
    </ClInclude>
    <ClInclude Include="include\ResourcePath.hpp">
      <Filter>Header Files</Filter>
    </ClInclude>
    <ClInclude Include="include\Resources.h">
      <Filter>Header Files</Filter>
    </ClInclude>
    <ClInclude Include="include\Sound.h">
      <Filter>Header Files</Filter>
    </ClInclude>
    <ClInclude Include="include\Window.h">
      <Filter>Header Files</Filter>
    </ClInclude>
    <ClInclude Include="include\Random.h">
      <Filter>Header Files</Filter>
    </ClInclude>
    <ClInclude Include="include\Game.h">
      <Filter>Header Files</Filter>
    </ClInclude>
    <ClInclude Include="include\Screen\GameScreen.h">
      <Filter>Header Files\Screen</Filter>
    </ClInclude>
    <ClInclude Include="include\Screen\Screen.h">
      <Filter>Header Files\Screen</Filter>
    </ClInclude>
    <ClInclude Include="include\Screen\TitleScreen.h">
      <Filter>Header Files\Screen</Filter>
    </ClInclude>
    <ClInclude Include="include\View\Visibility.h">
      <Filter>Header Files\View</Filter>
    </ClInclude>
    <ClInclude Include="include\View\Tickable.h">
      <Filter>Header Files\View</Filter>
    </ClInclude>
  </ItemGroup>
  <ItemGroup>
    <ClCompile Include="source\Network\Client.cpp">
      <Filter>Source Files\Network</Filter>
    </ClCompile>
    <ClCompile Include="source\Network\PacketType.cpp">
      <Filter>Source Files\Network</Filter>
    </ClCompile>
    <ClCompile Include="source\Network\Server.cpp">
      <Filter>Source Files\Network</Filter>
    </ClCompile>
    <ClCompile Include="source\View\Ball.cpp">
      <Filter>Source Files\View</Filter>
    </ClCompile>
    <ClCompile Include="source\View\HalfCourtLine.cpp">
      <Filter>Source Files\View</Filter>
    </ClCompile>
    <ClCompile Include="source\View\Paddle.cpp">
      <Filter>Source Files\View</Filter>
    </ClCompile>
    <ClCompile Include="source\View\Text.cpp">
      <Filter>Source Files\View</Filter>
    </ClCompile>
    <ClCompile Include="source\main.cpp">
      <Filter>Source Files</Filter>
    </ClCompile>
    <ClCompile Include="source\Window.cpp">
      <Filter>Source Files</Filter>
    </ClCompile>
    <ClCompile Include="source\Game.cpp">
      <Filter>Source Files</Filter>
    </ClCompile>
    <ClCompile Include="source\Screen\GameScreen.cpp">
      <Filter>Source Files\Screen</Filter>
    </ClCompile>
    <ClCompile Include="source\Screen\TitleScreen.cpp">
      <Filter>Source Files\Screen</Filter>
    </ClCompile>
    <ClCompile Include="include\Vector2Math.h">
      <Filter>Header Files</Filter>
    </ClCompile>
  </ItemGroup>
  <ItemGroup>
    <None Include="source\ResourcePath.mm">
      <Filter>Source Files</Filter>
    </None>
  </ItemGroup>
</Project>